
Microsoft Visual Studio Solution File, Format Version 12.00
# Visual Studio Version 17
VisualStudioVersion = 17.4.33213.308
MinimumVisualStudioVersion = 10.0.40219.1
Project("{FAE04EC0-301F-11D3-BF4B-00C04F79EFBC}") = "AkarRentACarProject", "AkarRentACarProject\AkarRentACarProject.csproj", "{A1239073-B1FF-447A-8E8B-9CDA52FB9079}"
EndProject
Global
	GlobalSection(SolutionConfigurationPlatforms) = preSolution
		Debug|Any CPU = Debug|Any CPU
		Release|Any CPU = Release|Any CPU
	EndGlobalSection
	GlobalSection(ProjectConfigurationPlatforms) = postSolution
		{A1239073-B1FF-447A-8E8B-9CDA52FB9079}.Debug|Any CPU.ActiveCfg = Debug|Any CPU
		{A1239073-B1FF-447A-8E8B-9CDA52FB9079}.Debug|Any CPU.Build.0 = Debug|Any CPU
		{A1239073-B1FF-447A-8E8B-9CDA52FB9079}.Release|Any CPU.ActiveCfg = Release|Any CPU
		{A1239073-B1FF-447A-8E8B-9CDA52FB9079}.Release|Any CPU.Build.0 = Release|Any CPU
	EndGlobalSection
	GlobalSection(SolutionProperties) = preSolution
		HideSolutionNode = FALSE
	EndGlobalSection
	GlobalSection(ExtensibilityGlobals) = postSolution
		SolutionGuid = {6913EE1C-5880-47DD-BF96-1C788C1F95A5}
	EndGlobalSection
EndGlobal
